// !$*UTF8*$!
{
	archiveVersion = 1;
	classes = {
	};
	objectVersion = 77;
	objects = {

/* Begin PBXBuildFile section */
		FC066C932D9DAD0D00869E1A /* BBModel.swift in Sources */ = {isa = PBXBuildFile; fileRef = FC066C922D9DAD0D00869E1A /* BBModel.swift */; };
		FC066C952D9DB46200869E1A /* BBModelPreview.swift in Sources */ = {isa = PBXBuildFile; fileRef = FC066C942D9DB46200869E1A /* BBModelPreview.swift */; };
		FC258FF42D9C5B14001BD28A /* SeasonView.swift in Sources */ = {isa = PBXBuildFile; fileRef = FC258FF32D9C5B14001BD28A /* SeasonView.swift */; };
		FC258FF62D9C5C4E001BD28A /* BigBangNavigation.swift in Sources */ = {isa = PBXBuildFile; fileRef = FC258FF52D9C5C4E001BD28A /* BigBangNavigation.swift */; };
		FC258FF82D9C60C0001BD28A /* EpisodeView.swift in Sources */ = {isa = PBXBuildFile; fileRef = FC258FF72D9C60C0001BD28A /* EpisodeView.swift */; };
		FC258FFA2D9C672D001BD28A /* CircleCloseButton.swift in Sources */ = {isa = PBXBuildFile; fileRef = FC258FF92D9C672D001BD28A /* CircleCloseButton.swift */; };
		FC258FFC2D9C8573001BD28A /* OrientationVM.swift in Sources */ = {isa = PBXBuildFile; fileRef = FC258FFB2D9C8573001BD28A /* OrientationVM.swift */; };
		FC3DB7292D9B4DD9008390ED /* Preview Assets.xcassets in Resources */ = {isa = PBXBuildFile; fileRef = FC3DB7232D9B4DD9008390ED /* Preview Assets.xcassets */; };
		FC3DB72A2D9B4DD9008390ED /* Assets.xcassets in Resources */ = {isa = PBXBuildFile; fileRef = FC3DB7252D9B4DD9008390ED /* Assets.xcassets */; };
		FC3DB72B2D9B4DD9008390ED /* BigBangTheoryApp.swift in Sources */ = {isa = PBXBuildFile; fileRef = FC3DB7262D9B4DD9008390ED /* BigBangTheoryApp.swift */; };
		FC3DB72C2D9B4DD9008390ED /* ContentView.swift in Sources */ = {isa = PBXBuildFile; fileRef = FC3DB7272D9B4DD9008390ED /* ContentView.swift */; };
		FC3DB72F2D9B4E3A008390ED /* BigBangTest.json in Resources */ = {isa = PBXBuildFile; fileRef = FC3DB72D2D9B4E3A008390ED /* BigBangTest.json */; };
		FC3DB7302D9B4E3A008390ED /* RepositoryTest.swift in Sources */ = {isa = PBXBuildFile; fileRef = FC3DB72E2D9B4E3A008390ED /* RepositoryTest.swift */; };
		FC3DB73F2D9B4E47008390ED /* BigBang.json in Resources */ = {isa = PBXBuildFile; fileRef = FC3DB73C2D9B4E47008390ED /* BigBang.json */; };
		FC3DB7402D9B4E47008390ED /* Muro.otf in Resources */ = {isa = PBXBuildFile; fileRef = FC3DB73D2D9B4E47008390ED /* Muro.otf */; };
		FC3DB7412D9B4E47008390ED /* Repository.swift in Sources */ = {isa = PBXBuildFile; fileRef = FC3DB7332D9B4E47008390ED /* Repository.swift */; };
		FC3DB7422D9B4E47008390ED /* SemiRoundedRectangle.swift in Sources */ = {isa = PBXBuildFile; fileRef = FC3DB73A2D9B4E47008390ED /* SemiRoundedRectangle.swift */; };
		FC3DB7432D9B4E47008390ED /* Fonts.swift in Sources */ = {isa = PBXBuildFile; fileRef = FC3DB7392D9B4E47008390ED /* Fonts.swift */; };
		FC3DB7442D9B4E47008390ED /* BigBangVM.swift in Sources */ = {isa = PBXBuildFile; fileRef = FC3DB7312D9B4E47008390ED /* BigBangVM.swift */; };
		FC3DB7452D9B4E47008390ED /* BigBangModel.swift in Sources */ = {isa = PBXBuildFile; fileRef = FC3DB7372D9B4E47008390ED /* BigBangModel.swift */; };
		FC3DB7462D9B4E47008390ED /* EpisodeCard.swift in Sources */ = {isa = PBXBuildFile; fileRef = FC3DB7352D9B4E47008390ED /* EpisodeCard.swift */; };
		FC3DB75D2D9B579C008390ED /* CompoKit in Frameworks */ = {isa = PBXBuildFile; productRef = FC3DB75C2D9B579C008390ED /* CompoKit */; };
/* End PBXBuildFile section */

/* Begin PBXFileReference section */
		FC066C922D9DAD0D00869E1A /* BBModel.swift */ = {isa = PBXFileReference; lastKnownFileType = sourcecode.swift; path = BBModel.swift; sourceTree = "<group>"; };
		FC066C942D9DB46200869E1A /* BBModelPreview.swift */ = {isa = PBXFileReference; lastKnownFileType = sourcecode.swift; path = BBModelPreview.swift; sourceTree = "<group>"; };
		FC258FF32D9C5B14001BD28A /* SeasonView.swift */ = {isa = PBXFileReference; lastKnownFileType = sourcecode.swift; path = SeasonView.swift; sourceTree = "<group>"; };
		FC258FF52D9C5C4E001BD28A /* BigBangNavigation.swift */ = {isa = PBXFileReference; lastKnownFileType = sourcecode.swift; path = BigBangNavigation.swift; sourceTree = "<group>"; };
		FC258FF72D9C60C0001BD28A /* EpisodeView.swift */ = {isa = PBXFileReference; lastKnownFileType = sourcecode.swift; path = EpisodeView.swift; sourceTree = "<group>"; };
		FC258FF92D9C672D001BD28A /* CircleCloseButton.swift */ = {isa = PBXFileReference; lastKnownFileType = sourcecode.swift; path = CircleCloseButton.swift; sourceTree = "<group>"; };
		FC258FFB2D9C8573001BD28A /* OrientationVM.swift */ = {isa = PBXFileReference; lastKnownFileType = sourcecode.swift; path = OrientationVM.swift; sourceTree = "<group>"; };
		FC3DB7122D9B4DCD008390ED /* BigBangTheory.app */ = {isa = PBXFileReference; explicitFileType = wrapper.application; includeInIndex = 0; path = BigBangTheory.app; sourceTree = BUILT_PRODUCTS_DIR; };
		FC3DB7232D9B4DD9008390ED /* Preview Assets.xcassets */ = {isa = PBXFileReference; lastKnownFileType = folder.assetcatalog; path = "Preview Assets.xcassets"; sourceTree = "<group>"; };
		FC3DB7252D9B4DD9008390ED /* Assets.xcassets */ = {isa = PBXFileReference; lastKnownFileType = folder.assetcatalog; path = Assets.xcassets; sourceTree = "<group>"; };
		FC3DB7262D9B4DD9008390ED /* BigBangTheoryApp.swift */ = {isa = PBXFileReference; lastKnownFileType = sourcecode.swift; path = BigBangTheoryApp.swift; sourceTree = "<group>"; };
		FC3DB7272D9B4DD9008390ED /* ContentView.swift */ = {isa = PBXFileReference; lastKnownFileType = sourcecode.swift; path = ContentView.swift; sourceTree = "<group>"; };
		FC3DB72D2D9B4E3A008390ED /* BigBangTest.json */ = {isa = PBXFileReference; lastKnownFileType = text.json; path = BigBangTest.json; sourceTree = "<group>"; };
		FC3DB72E2D9B4E3A008390ED /* RepositoryTest.swift */ = {isa = PBXFileReference; lastKnownFileType = sourcecode.swift; path = RepositoryTest.swift; sourceTree = "<group>"; };
		FC3DB7312D9B4E47008390ED /* BigBangVM.swift */ = {isa = PBXFileReference; lastKnownFileType = sourcecode.swift; path = BigBangVM.swift; sourceTree = "<group>"; };
		FC3DB7332D9B4E47008390ED /* Repository.swift */ = {isa = PBXFileReference; lastKnownFileType = sourcecode.swift; path = Repository.swift; sourceTree = "<group>"; };
		FC3DB7352D9B4E47008390ED /* EpisodeCard.swift */ = {isa = PBXFileReference; lastKnownFileType = sourcecode.swift; path = EpisodeCard.swift; sourceTree = "<group>"; };
		FC3DB7372D9B4E47008390ED /* BigBangModel.swift */ = {isa = PBXFileReference; lastKnownFileType = sourcecode.swift; path = BigBangModel.swift; sourceTree = "<group>"; };
		FC3DB7392D9B4E47008390ED /* Fonts.swift */ = {isa = PBXFileReference; lastKnownFileType = sourcecode.swift; path = Fonts.swift; sourceTree = "<group>"; };
		FC3DB73A2D9B4E47008390ED /* SemiRoundedRectangle.swift */ = {isa = PBXFileReference; lastKnownFileType = sourcecode.swift; path = SemiRoundedRectangle.swift; sourceTree = "<group>"; };
		FC3DB73C2D9B4E47008390ED /* BigBang.json */ = {isa = PBXFileReference; lastKnownFileType = text.json; path = BigBang.json; sourceTree = "<group>"; };
		FC3DB73D2D9B4E47008390ED /* Muro.otf */ = {isa = PBXFileReference; lastKnownFileType = file; path = Muro.otf; sourceTree = "<group>"; };
		FC3DB7472D9B4E6B008390ED /* Info.plist */ = {isa = PBXFileReference; lastKnownFileType = text.plist.xml; path = Info.plist; sourceTree = "<group>"; };
/* End PBXFileReference section */

/* Begin PBXFrameworksBuildPhase section */
		FC3DB70F2D9B4DCD008390ED /* Frameworks */ = {
			isa = PBXFrameworksBuildPhase;
			buildActionMask = 2147483647;
			files = (
				FC3DB75D2D9B579C008390ED /* CompoKit in Frameworks */,
			);
			runOnlyForDeploymentPostprocessing = 0;
		};
/* End PBXFrameworksBuildPhase section */

/* Begin PBXGroup section */
		FC3DB7092D9B4DCD008390ED = {
			isa = PBXGroup;
			children = (
				FC3DB7282D9B4DD9008390ED /* BigBangTheory */,
				FC3DB7132D9B4DCD008390ED /* Products */,
			);
			sourceTree = "<group>";
		};
		FC3DB7132D9B4DCD008390ED /* Products */ = {
			isa = PBXGroup;
			children = (
				FC3DB7122D9B4DCD008390ED /* BigBangTheory.app */,
			);
			name = Products;
			sourceTree = "<group>";
		};
		FC3DB7242D9B4DD9008390ED /* Preview Content */ = {
			isa = PBXGroup;
			children = (
				FC3DB7232D9B4DD9008390ED /* Preview Assets.xcassets */,
				FC3DB72D2D9B4E3A008390ED /* BigBangTest.json */,
				FC3DB72E2D9B4E3A008390ED /* RepositoryTest.swift */,
				FC066C942D9DB46200869E1A /* BBModelPreview.swift */,
			);
			path = "Preview Content";
			sourceTree = "<group>";
		};
		FC3DB7282D9B4DD9008390ED /* BigBangTheory */ = {
			isa = PBXGroup;
			children = (
				FC3DB7262D9B4DD9008390ED /* BigBangTheoryApp.swift */,
				FC3DB7272D9B4DD9008390ED /* ContentView.swift */,
				FC258FF72D9C60C0001BD28A /* EpisodeView.swift */,
				FC3DB7362D9B4E47008390ED /* Components */,
				FC3DB7322D9B4E47008390ED /* ViewModels */,
				FC3DB7342D9B4E47008390ED /* Repositories */,
				FC3DB7382D9B4E47008390ED /* Models */,
				FC3DB73B2D9B4E47008390ED /* Extensions */,
				FC3DB73E2D9B4E47008390ED /* Resources */,
				FC3DB7252D9B4DD9008390ED /* Assets.xcassets */,
				FC3DB7472D9B4E6B008390ED /* Info.plist */,
				FC3DB7242D9B4DD9008390ED /* Preview Content */,
			);
			path = BigBangTheory;
			sourceTree = "<group>";
		};
		FC3DB7322D9B4E47008390ED /* ViewModels */ = {
			isa = PBXGroup;
			children = (
				FC3DB7312D9B4E47008390ED /* BigBangVM.swift */,
				FC258FFB2D9C8573001BD28A /* OrientationVM.swift */,
			);
			path = ViewModels;
			sourceTree = "<group>";
		};
		FC3DB7342D9B4E47008390ED /* Repositories */ = {
			isa = PBXGroup;
			children = (
				FC3DB7332D9B4E47008390ED /* Repository.swift */,
			);
			path = Repositories;
			sourceTree = "<group>";
		};
		FC3DB7362D9B4E47008390ED /* Components */ = {
			isa = PBXGroup;
			children = (
				FC3DB7352D9B4E47008390ED /* EpisodeCard.swift */,
				FC258FF32D9C5B14001BD28A /* SeasonView.swift */,
				FC258FF52D9C5C4E001BD28A /* BigBangNavigation.swift */,
				FC258FF92D9C672D001BD28A /* CircleCloseButton.swift */,
			);
			path = Components;
			sourceTree = "<group>";
		};
		FC3DB7382D9B4E47008390ED /* Models */ = {
			isa = PBXGroup;
			children = (
				FC3DB7372D9B4E47008390ED /* BigBangModel.swift */,
				FC066C922D9DAD0D00869E1A /* BBModel.swift */,
			);
			path = Models;
			sourceTree = "<group>";
		};
		FC3DB73B2D9B4E47008390ED /* Extensions */ = {
			isa = PBXGroup;
			children = (
				FC3DB7392D9B4E47008390ED /* Fonts.swift */,
				FC3DB73A2D9B4E47008390ED /* SemiRoundedRectangle.swift */,
			);
			path = Extensions;
			sourceTree = "<group>";
		};
		FC3DB73E2D9B4E47008390ED /* Resources */ = {
			isa = PBXGroup;
			children = (
				FC3DB73C2D9B4E47008390ED /* BigBang.json */,
				FC3DB73D2D9B4E47008390ED /* Muro.otf */,
			);
			path = Resources;
			sourceTree = "<group>";
		};
/* End PBXGroup section */

/* Begin PBXNativeTarget section */
		FC3DB7112D9B4DCD008390ED /* BigBangTheory */ = {
			isa = PBXNativeTarget;
			buildConfigurationList = FC3DB7202D9B4DCE008390ED /* Build configuration list for PBXNativeTarget "BigBangTheory" */;
			buildPhases = (
				FC3DB70E2D9B4DCD008390ED /* Sources */,
				FC3DB70F2D9B4DCD008390ED /* Frameworks */,
				FC3DB7102D9B4DCD008390ED /* Resources */,
			);
			buildRules = (
			);
			dependencies = (
			);
			name = BigBangTheory;
			packageProductDependencies = (
				FC3DB75C2D9B579C008390ED /* CompoKit */,
			);
			productName = BigBangTheory;
			productReference = FC3DB7122D9B4DCD008390ED /* BigBangTheory.app */;
			productType = "com.apple.product-type.application";
		};
/* End PBXNativeTarget section */

/* Begin PBXProject section */
		FC3DB70A2D9B4DCD008390ED /* Project object */ = {
			isa = PBXProject;
			attributes = {
				BuildIndependentTargetsInParallel = 1;
				LastSwiftUpdateCheck = 1620;
				LastUpgradeCheck = 1620;
				TargetAttributes = {
					FC3DB7112D9B4DCD008390ED = {
						CreatedOnToolsVersion = 16.2;
					};
				};
			};
			buildConfigurationList = FC3DB70D2D9B4DCD008390ED /* Build configuration list for PBXProject "BigBangTheory" */;
			developmentRegion = en;
			hasScannedForEncodings = 0;
			knownRegions = (
				en,
				Base,
			);
			mainGroup = FC3DB7092D9B4DCD008390ED;
			minimizedProjectReferenceProxies = 1;
			packageReferences = (
				FC3DB75B2D9B579C008390ED /* XCRemoteSwiftPackageReference "CompoKit-SMP25" */,
			);
			preferredProjectObjectVersion = 77;
			productRefGroup = FC3DB7132D9B4DCD008390ED /* Products */;
			projectDirPath = "";
			projectRoot = "";
			targets = (
				FC3DB7112D9B4DCD008390ED /* BigBangTheory */,
			);
		};
/* End PBXProject section */

/* Begin PBXResourcesBuildPhase section */
		FC3DB7102D9B4DCD008390ED /* Resources */ = {
			isa = PBXResourcesBuildPhase;
			buildActionMask = 2147483647;
			files = (
				FC3DB73F2D9B4E47008390ED /* BigBang.json in Resources */,
				FC3DB7402D9B4E47008390ED /* Muro.otf in Resources */,
				FC3DB7292D9B4DD9008390ED /* Preview Assets.xcassets in Resources */,
				FC3DB72A2D9B4DD9008390ED /* Assets.xcassets in Resources */,
				FC3DB72F2D9B4E3A008390ED /* BigBangTest.json in Resources */,
			);
			runOnlyForDeploymentPostprocessing = 0;
		};
/* End PBXResourcesBuildPhase section */

/* Begin PBXSourcesBuildPhase section */
		FC3DB70E2D9B4DCD008390ED /* Sources */ = {
			isa = PBXSourcesBuildPhase;
			buildActionMask = 2147483647;
			files = (
				FC3DB72B2D9B4DD9008390ED /* BigBangTheoryApp.swift in Sources */,
				FC3DB72C2D9B4DD9008390ED /* ContentView.swift in Sources */,
				FC066C932D9DAD0D00869E1A /* BBModel.swift in Sources */,
				FC3DB7412D9B4E47008390ED /* Repository.swift in Sources */,
				FC3DB7422D9B4E47008390ED /* SemiRoundedRectangle.swift in Sources */,
				FC258FF82D9C60C0001BD28A /* EpisodeView.swift in Sources */,
				FC066C952D9DB46200869E1A /* BBModelPreview.swift in Sources */,
				FC3DB7432D9B4E47008390ED /* Fonts.swift in Sources */,
				FC258FF42D9C5B14001BD28A /* SeasonView.swift in Sources */,
				FC258FFC2D9C8573001BD28A /* OrientationVM.swift in Sources */,
				FC3DB7442D9B4E47008390ED /* BigBangVM.swift in Sources */,
				FC258FFA2D9C672D001BD28A /* CircleCloseButton.swift in Sources */,
				FC3DB7452D9B4E47008390ED /* BigBangModel.swift in Sources */,
				FC3DB7462D9B4E47008390ED /* EpisodeCard.swift in Sources */,
				FC3DB7302D9B4E3A008390ED /* RepositoryTest.swift in Sources */,
				FC258FF62D9C5C4E001BD28A /* BigBangNavigation.swift in Sources */,
			);
			runOnlyForDeploymentPostprocessing = 0;
		};
/* End PBXSourcesBuildPhase section */

/* Begin XCBuildConfiguration section */
		FC3DB71E2D9B4DCE008390ED /* Debug */ = {
			isa = XCBuildConfiguration;
			buildSettings = {
				ALWAYS_SEARCH_USER_PATHS = NO;
				ASSETCATALOG_COMPILER_GENERATE_SWIFT_ASSET_SYMBOL_EXTENSIONS = YES;
				CLANG_ANALYZER_NONNULL = YES;
				CLANG_ANALYZER_NUMBER_OBJECT_CONVERSION = YES_AGGRESSIVE;
				CLANG_CXX_LANGUAGE_STANDARD = "gnu++20";
				CLANG_ENABLE_MODULES = YES;
				CLANG_ENABLE_OBJC_ARC = YES;
				CLANG_ENABLE_OBJC_WEAK = YES;
				CLANG_WARN_BLOCK_CAPTURE_AUTORELEASING = YES;
				CLANG_WARN_BOOL_CONVERSION = YES;
				CLANG_WARN_COMMA = YES;
				CLANG_WARN_CONSTANT_CONVERSION = YES;
				CLANG_WARN_DEPRECATED_OBJC_IMPLEMENTATIONS = YES;
				CLANG_WARN_DIRECT_OBJC_ISA_USAGE = YES_ERROR;
				CLANG_WARN_DOCUMENTATION_COMMENTS = YES;
				CLANG_WARN_EMPTY_BODY = YES;
				CLANG_WARN_ENUM_CONVERSION = YES;
				CLANG_WARN_INFINITE_RECURSION = YES;
				CLANG_WARN_INT_CONVERSION = YES;
				CLANG_WARN_NON_LITERAL_NULL_CONVERSION = YES;
				CLANG_WARN_OBJC_IMPLICIT_RETAIN_SELF = YES;
				CLANG_WARN_OBJC_LITERAL_CONVERSION = YES;
				CLANG_WARN_OBJC_ROOT_CLASS = YES_ERROR;
				CLANG_WARN_QUOTED_INCLUDE_IN_FRAMEWORK_HEADER = YES;
				CLANG_WARN_RANGE_LOOP_ANALYSIS = YES;
				CLANG_WARN_STRICT_PROTOTYPES = YES;
				CLANG_WARN_SUSPICIOUS_MOVE = YES;
				CLANG_WARN_UNGUARDED_AVAILABILITY = YES_AGGRESSIVE;
				CLANG_WARN_UNREACHABLE_CODE = YES;
				CLANG_WARN__DUPLICATE_METHOD_MATCH = YES;
				COPY_PHASE_STRIP = NO;
				DEBUG_INFORMATION_FORMAT = dwarf;
				ENABLE_STRICT_OBJC_MSGSEND = YES;
				ENABLE_TESTABILITY = YES;
				ENABLE_USER_SCRIPT_SANDBOXING = YES;
				GCC_C_LANGUAGE_STANDARD = gnu17;
				GCC_DYNAMIC_NO_PIC = NO;
				GCC_NO_COMMON_BLOCKS = YES;
				GCC_OPTIMIZATION_LEVEL = 0;
				GCC_PREPROCESSOR_DEFINITIONS = (
					"DEBUG=1",
					"$(inherited)",
				);
				GCC_WARN_64_TO_32_BIT_CONVERSION = YES;
				GCC_WARN_ABOUT_RETURN_TYPE = YES_ERROR;
				GCC_WARN_UNDECLARED_SELECTOR = YES;
				GCC_WARN_UNINITIALIZED_AUTOS = YES_AGGRESSIVE;
				GCC_WARN_UNUSED_FUNCTION = YES;
				GCC_WARN_UNUSED_VARIABLE = YES;
				IPHONEOS_DEPLOYMENT_TARGET = 18.2;
				LOCALIZATION_PREFERS_STRING_CATALOGS = YES;
				MTL_ENABLE_DEBUG_INFO = INCLUDE_SOURCE;
				MTL_FAST_MATH = YES;
				ONLY_ACTIVE_ARCH = YES;
				SDKROOT = iphoneos;
				SWIFT_ACTIVE_COMPILATION_CONDITIONS = "DEBUG $(inherited)";
				SWIFT_OPTIMIZATION_LEVEL = "-Onone";
			};
			name = Debug;
		};
		FC3DB71F2D9B4DCE008390ED /* Release */ = {
			isa = XCBuildConfiguration;
			buildSettings = {
				ALWAYS_SEARCH_USER_PATHS = NO;
				ASSETCATALOG_COMPILER_GENERATE_SWIFT_ASSET_SYMBOL_EXTENSIONS = YES;
				CLANG_ANALYZER_NONNULL = YES;
				CLANG_ANALYZER_NUMBER_OBJECT_CONVERSION = YES_AGGRESSIVE;
				CLANG_CXX_LANGUAGE_STANDARD = "gnu++20";
				CLANG_ENABLE_MODULES = YES;
				CLANG_ENABLE_OBJC_ARC = YES;
				CLANG_ENABLE_OBJC_WEAK = YES;
				CLANG_WARN_BLOCK_CAPTURE_AUTORELEASING = YES;
				CLANG_WARN_BOOL_CONVERSION = YES;
				CLANG_WARN_COMMA = YES;
				CLANG_WARN_CONSTANT_CONVERSION = YES;
				CLANG_WARN_DEPRECATED_OBJC_IMPLEMENTATIONS = YES;
				CLANG_WARN_DIRECT_OBJC_ISA_USAGE = YES_ERROR;
				CLANG_WARN_DOCUMENTATION_COMMENTS = YES;
				CLANG_WARN_EMPTY_BODY = YES;
				CLANG_WARN_ENUM_CONVERSION = YES;
				CLANG_WARN_INFINITE_RECURSION = YES;
				CLANG_WARN_INT_CONVERSION = YES;
				CLANG_WARN_NON_LITERAL_NULL_CONVERSION = YES;
				CLANG_WARN_OBJC_IMPLICIT_RETAIN_SELF = YES;
				CLANG_WARN_OBJC_LITERAL_CONVERSION = YES;
				CLANG_WARN_OBJC_ROOT_CLASS = YES_ERROR;
				CLANG_WARN_QUOTED_INCLUDE_IN_FRAMEWORK_HEADER = YES;
				CLANG_WARN_RANGE_LOOP_ANALYSIS = YES;
				CLANG_WARN_STRICT_PROTOTYPES = YES;
				CLANG_WARN_SUSPICIOUS_MOVE = YES;
				CLANG_WARN_UNGUARDED_AVAILABILITY = YES_AGGRESSIVE;
				CLANG_WARN_UNREACHABLE_CODE = YES;
				CLANG_WARN__DUPLICATE_METHOD_MATCH = YES;
				COPY_PHASE_STRIP = NO;
				DEBUG_INFORMATION_FORMAT = "dwarf-with-dsym";
				ENABLE_NS_ASSERTIONS = NO;
				ENABLE_STRICT_OBJC_MSGSEND = YES;
				ENABLE_USER_SCRIPT_SANDBOXING = YES;
				GCC_C_LANGUAGE_STANDARD = gnu17;
				GCC_NO_COMMON_BLOCKS = YES;
				GCC_WARN_64_TO_32_BIT_CONVERSION = YES;
				GCC_WARN_ABOUT_RETURN_TYPE = YES_ERROR;
				GCC_WARN_UNDECLARED_SELECTOR = YES;
				GCC_WARN_UNINITIALIZED_AUTOS = YES_AGGRESSIVE;
				GCC_WARN_UNUSED_FUNCTION = YES;
				GCC_WARN_UNUSED_VARIABLE = YES;
				IPHONEOS_DEPLOYMENT_TARGET = 18.2;
				LOCALIZATION_PREFERS_STRING_CATALOGS = YES;
				MTL_ENABLE_DEBUG_INFO = NO;
				MTL_FAST_MATH = YES;
				SDKROOT = iphoneos;
				SWIFT_COMPILATION_MODE = wholemodule;
				VALIDATE_PRODUCT = YES;
			};
			name = Release;
		};
		FC3DB7212D9B4DCE008390ED /* Debug */ = {
			isa = XCBuildConfiguration;
			buildSettings = {
				ASSETCATALOG_COMPILER_APPICON_NAME = AppIcon;
				ASSETCATALOG_COMPILER_GLOBAL_ACCENT_COLOR_NAME = AccentColor;
				CODE_SIGN_STYLE = Automatic;
				CURRENT_PROJECT_VERSION = 1;
				DEVELOPMENT_ASSET_PATHS = "\"BigBangTheory/Preview Content\"";
				DEVELOPMENT_TEAM = X9R52LTKX6;
				ENABLE_PREVIEWS = YES;
				GENERATE_INFOPLIST_FILE = YES;
				INFOPLIST_FILE = BigBangTheory/Info.plist;
				INFOPLIST_KEY_CFBundleDisplayName = "The Big Bang Theory";
				INFOPLIST_KEY_UIApplicationSceneManifest_Generation = YES;
				INFOPLIST_KEY_UIApplicationSupportsIndirectInputEvents = YES;
				INFOPLIST_KEY_UILaunchScreen_Generation = YES;
				INFOPLIST_KEY_UISupportedInterfaceOrientations_iPad = "UIInterfaceOrientationPortrait UIInterfaceOrientationPortraitUpsideDown UIInterfaceOrientationLandscapeLeft UIInterfaceOrientationLandscapeRight";
				INFOPLIST_KEY_UISupportedInterfaceOrientations_iPhone = "UIInterfaceOrientationPortrait UIInterfaceOrientationLandscapeLeft UIInterfaceOrientationLandscapeRight";
				LD_RUNPATH_SEARCH_PATHS = (
					"$(inherited)",
					"@executable_path/Frameworks",
				);
				MARKETING_VERSION = 1.0;
				PRODUCT_BUNDLE_IDENTIFIER = com.jongonzalez.BigBangTheory;
				PRODUCT_NAME = "$(TARGET_NAME)";
				REGISTER_APP_GROUPS = NO;
				SUPPORTED_PLATFORMS = "appletvos appletvsimulator iphoneos iphonesimulator macosx xros xrsimulator";
				SUPPORTS_MACCATALYST = NO;
				SUPPORTS_MAC_DESIGNED_FOR_IPHONE_IPAD = NO;
				SUPPORTS_XR_DESIGNED_FOR_IPHONE_IPAD = NO;
				SWIFT_EMIT_LOC_STRINGS = YES;
				SWIFT_VERSION = 6.0;
				TARGETED_DEVICE_FAMILY = "1,2,3,7";
			};
			name = Debug;
		};
		FC3DB7222D9B4DCE008390ED /* Release */ = {
			isa = XCBuildConfiguration;
			buildSettings = {
				ASSETCATALOG_COMPILER_APPICON_NAME = AppIcon;
				ASSETCATALOG_COMPILER_GLOBAL_ACCENT_COLOR_NAME = AccentColor;
				CODE_SIGN_STYLE = Automatic;
				CURRENT_PROJECT_VERSION = 1;
				DEVELOPMENT_ASSET_PATHS = "\"BigBangTheory/Preview Content\"";
				DEVELOPMENT_TEAM = X9R52LTKX6;
				ENABLE_PREVIEWS = YES;
				GENERATE_INFOPLIST_FILE = YES;
				INFOPLIST_FILE = BigBangTheory/Info.plist;
				INFOPLIST_KEY_CFBundleDisplayName = "The Big Bang Theory";
				INFOPLIST_KEY_UIApplicationSceneManifest_Generation = YES;
				INFOPLIST_KEY_UIApplicationSupportsIndirectInputEvents = YES;
				INFOPLIST_KEY_UILaunchScreen_Generation = YES;
				INFOPLIST_KEY_UISupportedInterfaceOrientations_iPad = "UIInterfaceOrientationPortrait UIInterfaceOrientationPortraitUpsideDown UIInterfaceOrientationLandscapeLeft UIInterfaceOrientationLandscapeRight";
				INFOPLIST_KEY_UISupportedInterfaceOrientations_iPhone = "UIInterfaceOrientationPortrait UIInterfaceOrientationLandscapeLeft UIInterfaceOrientationLandscapeRight";
				LD_RUNPATH_SEARCH_PATHS = (
					"$(inherited)",
					"@executable_path/Frameworks",
				);
				MARKETING_VERSION = 1.0;
				PRODUCT_BUNDLE_IDENTIFIER = com.jongonzalez.BigBangTheory;
				PRODUCT_NAME = "$(TARGET_NAME)";
				REGISTER_APP_GROUPS = NO;
				SUPPORTED_PLATFORMS = "appletvos appletvsimulator iphoneos iphonesimulator macosx xros xrsimulator";
				SUPPORTS_MACCATALYST = NO;
				SUPPORTS_MAC_DESIGNED_FOR_IPHONE_IPAD = NO;
				SUPPORTS_XR_DESIGNED_FOR_IPHONE_IPAD = NO;
				SWIFT_EMIT_LOC_STRINGS = YES;
				SWIFT_VERSION = 6.0;
				TARGETED_DEVICE_FAMILY = "1,2,3,7";
			};
			name = Release;
		};
/* End XCBuildConfiguration section */

/* Begin XCConfigurationList section */
		FC3DB70D2D9B4DCD008390ED /* Build configuration list for PBXProject "BigBangTheory" */ = {
			isa = XCConfigurationList;
			buildConfigurations = (
				FC3DB71E2D9B4DCE008390ED /* Debug */,
				FC3DB71F2D9B4DCE008390ED /* Release */,
			);
			defaultConfigurationIsVisible = 0;
			defaultConfigurationName = Release;
		};
		FC3DB7202D9B4DCE008390ED /* Build configuration list for PBXNativeTarget "BigBangTheory" */ = {
			isa = XCConfigurationList;
			buildConfigurations = (
				FC3DB7212D9B4DCE008390ED /* Debug */,
				FC3DB7222D9B4DCE008390ED /* Release */,
			);
			defaultConfigurationIsVisible = 0;
			defaultConfigurationName = Release;
		};
/* End XCConfigurationList section */

/* Begin XCRemoteSwiftPackageReference section */
		FC3DB75B2D9B579C008390ED /* XCRemoteSwiftPackageReference "CompoKit-SMP25" */ = {
			isa = XCRemoteSwiftPackageReference;
			repositoryURL = "https://github.com/swiftyjony/CompoKit-SMP25.git";
			requirement = {
				kind = upToNextMajorVersion;
				minimumVersion = 0.1.0;
			};
		};
/* End XCRemoteSwiftPackageReference section */

/* Begin XCSwiftPackageProductDependency section */
		FC3DB75C2D9B579C008390ED /* CompoKit */ = {
			isa = XCSwiftPackageProductDependency;
			package = FC3DB75B2D9B579C008390ED /* XCRemoteSwiftPackageReference "CompoKit-SMP25" */;
			productName = CompoKit;
		};
/* End XCSwiftPackageProductDependency section */
	};
	rootObject = FC3DB70A2D9B4DCD008390ED /* Project object */;
}
